// !$*UTF8*$!
{
	archiveVersion = 1;
	classes = {
	};
	objectVersion = 55;
	objects = {

/* Begin PBXBuildFile section */
		865AB34527FBB52000BB315D /* AppDelegate.swift in Sources */ = {isa = PBXBuildFile; fileRef = 865AB34427FBB52000BB315D /* AppDelegate.swift */; };
		865AB34E27FBB52100BB315D /* Assets.xcassets in Resources */ = {isa = PBXBuildFile; fileRef = 865AB34D27FBB52100BB315D /* Assets.xcassets */; };
		865AB35127FBB52100BB315D /* LaunchScreen.storyboard in Resources */ = {isa = PBXBuildFile; fileRef = 865AB34F27FBB52100BB315D /* LaunchScreen.storyboard */; };
		865AB35A27FBB57D00BB315D /* MainListViewController.swift in Sources */ = {isa = PBXBuildFile; fileRef = 865AB35927FBB57D00BB315D /* MainListViewController.swift */; };
		865AB35C27FBB59A00BB315D /* MainListViewControllerCell.swift in Sources */ = {isa = PBXBuildFile; fileRef = 865AB35B27FBB59A00BB315D /* MainListViewControllerCell.swift */; };
		865AB35F27FBB5C000BB315D /* ViewControllerList.swift in Sources */ = {isa = PBXBuildFile; fileRef = 865AB35E27FBB5C000BB315D /* ViewControllerList.swift */; };
		865AB36127FBB5DB00BB315D /* PreviewWrapper.swift in Sources */ = {isa = PBXBuildFile; fileRef = 865AB36027FBB5DB00BB315D /* PreviewWrapper.swift */; };
		865AB36527FBB6C300BB315D /* NSAttributedString01ViewController.swift in Sources */ = {isa = PBXBuildFile; fileRef = 865AB36427FBB6C300BB315D /* NSAttributedString01ViewController.swift */; };
		8691AB5E27FCFB57009F407D /* NSAttributedString02ViewController.swift in Sources */ = {isa = PBXBuildFile; fileRef = 8691AB5D27FCFB57009F407D /* NSAttributedString02ViewController.swift */; };
		8691AB6027FD00F1009F407D /* NSAttributedString02ViewController+AttributesExample.swift in Sources */ = {isa = PBXBuildFile; fileRef = 8691AB5F27FD00F1009F407D /* NSAttributedString02ViewController+AttributesExample.swift */; };
/* End PBXBuildFile section */

/* Begin PBXFileReference section */
		865AB34127FBB52000BB315D /* DailyUIParts.app */ = {isa = PBXFileReference; explicitFileType = wrapper.application; includeInIndex = 0; path = DailyUIParts.app; sourceTree = BUILT_PRODUCTS_DIR; };
		865AB34427FBB52000BB315D /* AppDelegate.swift */ = {isa = PBXFileReference; lastKnownFileType = sourcecode.swift; path = AppDelegate.swift; sourceTree = "<group>"; };
		865AB34D27FBB52100BB315D /* Assets.xcassets */ = {isa = PBXFileReference; lastKnownFileType = folder.assetcatalog; path = Assets.xcassets; sourceTree = "<group>"; };
		865AB35027FBB52100BB315D /* Base */ = {isa = PBXFileReference; lastKnownFileType = file.storyboard; name = Base; path = Base.lproj/LaunchScreen.storyboard; sourceTree = "<group>"; };
		865AB35227FBB52100BB315D /* Info.plist */ = {isa = PBXFileReference; lastKnownFileType = text.plist.xml; path = Info.plist; sourceTree = "<group>"; };
		865AB35927FBB57D00BB315D /* MainListViewController.swift */ = {isa = PBXFileReference; lastKnownFileType = sourcecode.swift; path = MainListViewController.swift; sourceTree = "<group>"; };
		865AB35B27FBB59A00BB315D /* MainListViewControllerCell.swift */ = {isa = PBXFileReference; lastKnownFileType = sourcecode.swift; path = MainListViewControllerCell.swift; sourceTree = "<group>"; };
		865AB35E27FBB5C000BB315D /* ViewControllerList.swift */ = {isa = PBXFileReference; lastKnownFileType = sourcecode.swift; path = ViewControllerList.swift; sourceTree = "<group>"; };
		865AB36027FBB5DB00BB315D /* PreviewWrapper.swift */ = {isa = PBXFileReference; lastKnownFileType = sourcecode.swift; path = PreviewWrapper.swift; sourceTree = "<group>"; };
		865AB36427FBB6C300BB315D /* NSAttributedString01ViewController.swift */ = {isa = PBXFileReference; lastKnownFileType = sourcecode.swift; path = NSAttributedString01ViewController.swift; sourceTree = "<group>"; };
		865AFF7227FD77F80080FB5F /* ForPractice.playground */ = {isa = PBXFileReference; lastKnownFileType = file.playground; path = ForPractice.playground; sourceTree = "<group>"; xcLanguageSpecificationIdentifier = xcode.lang.swift; };
		8691AB5D27FCFB57009F407D /* NSAttributedString02ViewController.swift */ = {isa = PBXFileReference; lastKnownFileType = sourcecode.swift; path = NSAttributedString02ViewController.swift; sourceTree = "<group>"; };
		8691AB5F27FD00F1009F407D /* NSAttributedString02ViewController+AttributesExample.swift */ = {isa = PBXFileReference; lastKnownFileType = sourcecode.swift; path = "NSAttributedString02ViewController+AttributesExample.swift"; sourceTree = "<group>"; };
/* End PBXFileReference section */

/* Begin PBXFrameworksBuildPhase section */
		865AB33E27FBB52000BB315D /* Frameworks */ = {
			isa = PBXFrameworksBuildPhase;
			buildActionMask = 2147483647;
			files = (
			);
			runOnlyForDeploymentPostprocessing = 0;
		};
/* End PBXFrameworksBuildPhase section */

/* Begin PBXGroup section */
		865AB33827FBB52000BB315D = {
			isa = PBXGroup;
			children = (
				865AB34327FBB52000BB315D /* DailyUIParts */,
				865AB34227FBB52000BB315D /* Products */,
			);
			sourceTree = "<group>";
		};
		865AB34227FBB52000BB315D /* Products */ = {
			isa = PBXGroup;
			children = (
				865AB34127FBB52000BB315D /* DailyUIParts.app */,
			);
			name = Products;
			sourceTree = "<group>";
		};
		865AB34327FBB52000BB315D /* DailyUIParts */ = {
			isa = PBXGroup;
			children = (
				865AB34427FBB52000BB315D /* AppDelegate.swift */,
				865AFF7127FD77D00080FB5F /* Playground */,
				865AB35D27FBB5AE00BB315D /* Common */,
				865AB35827FBB56800BB315D /* MainListViewController */,
				865AB36327FBB5F300BB315D /* DailyPractice */,
				865AB34D27FBB52100BB315D /* Assets.xcassets */,
				865AB34F27FBB52100BB315D /* LaunchScreen.storyboard */,
				865AB35227FBB52100BB315D /* Info.plist */,
			);
			path = DailyUIParts;
			sourceTree = "<group>";
		};
		865AB35827FBB56800BB315D /* MainListViewController */ = {
			isa = PBXGroup;
			children = (
				865AB35927FBB57D00BB315D /* MainListViewController.swift */,
				865AB35B27FBB59A00BB315D /* MainListViewControllerCell.swift */,
			);
			path = MainListViewController;
			sourceTree = "<group>";
		};
		865AB35D27FBB5AE00BB315D /* Common */ = {
			isa = PBXGroup;
			children = (
				865AB35E27FBB5C000BB315D /* ViewControllerList.swift */,
				865AB36027FBB5DB00BB315D /* PreviewWrapper.swift */,
			);
			path = Common;
			sourceTree = "<group>";
		};
		865AB36327FBB5F300BB315D /* DailyPractice */ = {
			isa = PBXGroup;
			children = (
				8691AB5C27FCFB45009F407D /* 20220406 */,
				865AB36627FBC40E00BB315D /* 20220405 */,
			);
			path = DailyPractice;
			sourceTree = "<group>";
		};
		865AB36627FBC40E00BB315D /* 20220405 */ = {
			isa = PBXGroup;
			children = (
				865AB36427FBB6C300BB315D /* NSAttributedString01ViewController.swift */,
			);
			path = 20220405;
			sourceTree = "<group>";
		};
		865AFF7127FD77D00080FB5F /* Playground */ = {
			isa = PBXGroup;
			children = (
				865AFF7227FD77F80080FB5F /* ForPractice.playground */,
			);
			path = Playground;
			sourceTree = "<group>";
		};
		8691AB5C27FCFB45009F407D /* 20220406 */ = {
			isa = PBXGroup;
			children = (
				8691AB5D27FCFB57009F407D /* NSAttributedString02ViewController.swift */,
				8691AB5F27FD00F1009F407D /* NSAttributedString02ViewController+AttributesExample.swift */,
			);
			path = 20220406;
			sourceTree = "<group>";
		};
/* End PBXGroup section */

/* Begin PBXNativeTarget section */
		865AB34027FBB52000BB315D /* DailyUIParts */ = {
			isa = PBXNativeTarget;
			buildConfigurationList = 865AB35527FBB52100BB315D /* Build configuration list for PBXNativeTarget "DailyUIParts" */;
			buildPhases = (
				865AB33D27FBB52000BB315D /* Sources */,
				865AB33E27FBB52000BB315D /* Frameworks */,
				865AB33F27FBB52000BB315D /* Resources */,
			);
			buildRules = (
			);
			dependencies = (
			);
			name = DailyUIParts;
			productName = DailyUIParts;
			productReference = 865AB34127FBB52000BB315D /* DailyUIParts.app */;
			productType = "com.apple.product-type.application";
		};
/* End PBXNativeTarget section */

/* Begin PBXProject section */
		865AB33927FBB52000BB315D /* Project object */ = {
			isa = PBXProject;
			attributes = {
				BuildIndependentTargetsInParallel = 1;
				LastSwiftUpdateCheck = 1320;
				LastUpgradeCheck = 1320;
				TargetAttributes = {
					865AB34027FBB52000BB315D = {
						CreatedOnToolsVersion = 13.2.1;
					};
				};
			};
			buildConfigurationList = 865AB33C27FBB52000BB315D /* Build configuration list for PBXProject "DailyUIParts" */;
			compatibilityVersion = "Xcode 13.0";
			developmentRegion = en;
			hasScannedForEncodings = 0;
			knownRegions = (
				en,
				Base,
			);
			mainGroup = 865AB33827FBB52000BB315D;
			productRefGroup = 865AB34227FBB52000BB315D /* Products */;
			projectDirPath = "";
			projectRoot = "";
			targets = (
				865AB34027FBB52000BB315D /* DailyUIParts */,
			);
		};
/* End PBXProject section */

/* Begin PBXResourcesBuildPhase section */
		865AB33F27FBB52000BB315D /* Resources */ = {
			isa = PBXResourcesBuildPhase;
			buildActionMask = 2147483647;
			files = (
				865AB35127FBB52100BB315D /* LaunchScreen.storyboard in Resources */,
				865AB34E27FBB52100BB315D /* Assets.xcassets in Resources */,
			);
			runOnlyForDeploymentPostprocessing = 0;
		};
/* End PBXResourcesBuildPhase section */

/* Begin PBXSourcesBuildPhase section */
		865AB33D27FBB52000BB315D /* Sources */ = {
			isa = PBXSourcesBuildPhase;
			buildActionMask = 2147483647;
			files = (
				865AB35C27FBB59A00BB315D /* MainListViewControllerCell.swift in Sources */,
				865AB36127FBB5DB00BB315D /* PreviewWrapper.swift in Sources */,
				865AB34527FBB52000BB315D /* AppDelegate.swift in Sources */,
				865AB35F27FBB5C000BB315D /* ViewControllerList.swift in Sources */,
				8691AB6027FD00F1009F407D /* NSAttributedString02ViewController+AttributesExample.swift in Sources */,
				865AB36527FBB6C300BB315D /* NSAttributedString01ViewController.swift in Sources */,
				8691AB5E27FCFB57009F407D /* NSAttributedString02ViewController.swift in Sources */,
				865AB35A27FBB57D00BB315D /* MainListViewController.swift in Sources */,
			);
			runOnlyForDeploymentPostprocessing = 0;
		};
/* End PBXSourcesBuildPhase section */

/* Begin PBXVariantGroup section */
		865AB34F27FBB52100BB315D /* LaunchScreen.storyboard */ = {
			isa = PBXVariantGroup;
			children = (
				865AB35027FBB52100BB315D /* Base */,
			);
			name = LaunchScreen.storyboard;
			sourceTree = "<group>";
		};
/* End PBXVariantGroup section */

/* Begin XCBuildConfiguration section */
		865AB35327FBB52100BB315D /* Debug */ = {
			isa = XCBuildConfiguration;
			buildSettings = {
				ALWAYS_SEARCH_USER_PATHS = NO;
				CLANG_ANALYZER_NONNULL = YES;
				CLANG_ANALYZER_NUMBER_OBJECT_CONVERSION = YES_AGGRESSIVE;
				CLANG_CXX_LANGUAGE_STANDARD = "gnu++17";
				CLANG_CXX_LIBRARY = "libc++";
				CLANG_ENABLE_MODULES = YES;
				CLANG_ENABLE_OBJC_ARC = YES;
				CLANG_ENABLE_OBJC_WEAK = YES;
				CLANG_WARN_BLOCK_CAPTURE_AUTORELEASING = YES;
				CLANG_WARN_BOOL_CONVERSION = YES;
				CLANG_WARN_COMMA = YES;
				CLANG_WARN_CONSTANT_CONVERSION = YES;
				CLANG_WARN_DEPRECATED_OBJC_IMPLEMENTATIONS = YES;
				CLANG_WARN_DIRECT_OBJC_ISA_USAGE = YES_ERROR;
				CLANG_WARN_DOCUMENTATION_COMMENTS = YES;
				CLANG_WARN_EMPTY_BODY = YES;
				CLANG_WARN_ENUM_CONVERSION = YES;
				CLANG_WARN_INFINITE_RECURSION = YES;
				CLANG_WARN_INT_CONVERSION = YES;
				CLANG_WARN_NON_LITERAL_NULL_CONVERSION = YES;
				CLANG_WARN_OBJC_IMPLICIT_RETAIN_SELF = YES;
				CLANG_WARN_OBJC_LITERAL_CONVERSION = YES;
				CLANG_WARN_OBJC_ROOT_CLASS = YES_ERROR;
				CLANG_WARN_QUOTED_INCLUDE_IN_FRAMEWORK_HEADER = YES;
				CLANG_WARN_RANGE_LOOP_ANALYSIS = YES;
				CLANG_WARN_STRICT_PROTOTYPES = YES;
				CLANG_WARN_SUSPICIOUS_MOVE = YES;
				CLANG_WARN_UNGUARDED_AVAILABILITY = YES_AGGRESSIVE;
				CLANG_WARN_UNREACHABLE_CODE = YES;
				CLANG_WARN__DUPLICATE_METHOD_MATCH = YES;
				COPY_PHASE_STRIP = NO;
				DEBUG_INFORMATION_FORMAT = dwarf;
				ENABLE_STRICT_OBJC_MSGSEND = YES;
				ENABLE_TESTABILITY = YES;
				GCC_C_LANGUAGE_STANDARD = gnu11;
				GCC_DYNAMIC_NO_PIC = NO;
				GCC_NO_COMMON_BLOCKS = YES;
				GCC_OPTIMIZATION_LEVEL = 0;
				GCC_PREPROCESSOR_DEFINITIONS = (
					"DEBUG=1",
					"$(inherited)",
				);
				GCC_WARN_64_TO_32_BIT_CONVERSION = YES;
				GCC_WARN_ABOUT_RETURN_TYPE = YES_ERROR;
				GCC_WARN_UNDECLARED_SELECTOR = YES;
				GCC_WARN_UNINITIALIZED_AUTOS = YES_AGGRESSIVE;
				GCC_WARN_UNUSED_FUNCTION = YES;
				GCC_WARN_UNUSED_VARIABLE = YES;
				IPHONEOS_DEPLOYMENT_TARGET = 15.2;
				MTL_ENABLE_DEBUG_INFO = INCLUDE_SOURCE;
				MTL_FAST_MATH = YES;
				ONLY_ACTIVE_ARCH = YES;
				SDKROOT = iphoneos;
				SWIFT_ACTIVE_COMPILATION_CONDITIONS = DEBUG;
				SWIFT_OPTIMIZATION_LEVEL = "-Onone";
			};
			name = Debug;
		};
		865AB35427FBB52100BB315D /* Release */ = {
			isa = XCBuildConfiguration;
			buildSettings = {
				ALWAYS_SEARCH_USER_PATHS = NO;
				CLANG_ANALYZER_NONNULL = YES;
				CLANG_ANALYZER_NUMBER_OBJECT_CONVERSION = YES_AGGRESSIVE;
				CLANG_CXX_LANGUAGE_STANDARD = "gnu++17";
				CLANG_CXX_LIBRARY = "libc++";
				CLANG_ENABLE_MODULES = YES;
				CLANG_ENABLE_OBJC_ARC = YES;
				CLANG_ENABLE_OBJC_WEAK = YES;
				CLANG_WARN_BLOCK_CAPTURE_AUTORELEASING = YES;
				CLANG_WARN_BOOL_CONVERSION = YES;
				CLANG_WARN_COMMA = YES;
				CLANG_WARN_CONSTANT_CONVERSION = YES;
				CLANG_WARN_DEPRECATED_OBJC_IMPLEMENTATIONS = YES;
				CLANG_WARN_DIRECT_OBJC_ISA_USAGE = YES_ERROR;
				CLANG_WARN_DOCUMENTATION_COMMENTS = YES;
				CLANG_WARN_EMPTY_BODY = YES;
				CLANG_WARN_ENUM_CONVERSION = YES;
				CLANG_WARN_INFINITE_RECURSION = YES;
				CLANG_WARN_INT_CONVERSION = YES;
				CLANG_WARN_NON_LITERAL_NULL_CONVERSION = YES;
				CLANG_WARN_OBJC_IMPLICIT_RETAIN_SELF = YES;
				CLANG_WARN_OBJC_LITERAL_CONVERSION = YES;
				CLANG_WARN_OBJC_ROOT_CLASS = YES_ERROR;
				CLANG_WARN_QUOTED_INCLUDE_IN_FRAMEWORK_HEADER = YES;
				CLANG_WARN_RANGE_LOOP_ANALYSIS = YES;
				CLANG_WARN_STRICT_PROTOTYPES = YES;
				CLANG_WARN_SUSPICIOUS_MOVE = YES;
				CLANG_WARN_UNGUARDED_AVAILABILITY = YES_AGGRESSIVE;
				CLANG_WARN_UNREACHABLE_CODE = YES;
				CLANG_WARN__DUPLICATE_METHOD_MATCH = YES;
				COPY_PHASE_STRIP = NO;
				DEBUG_INFORMATION_FORMAT = "dwarf-with-dsym";
				ENABLE_NS_ASSERTIONS = NO;
				ENABLE_STRICT_OBJC_MSGSEND = YES;
				GCC_C_LANGUAGE_STANDARD = gnu11;
				GCC_NO_COMMON_BLOCKS = YES;
				GCC_WARN_64_TO_32_BIT_CONVERSION = YES;
				GCC_WARN_ABOUT_RETURN_TYPE = YES_ERROR;
				GCC_WARN_UNDECLARED_SELECTOR = YES;
				GCC_WARN_UNINITIALIZED_AUTOS = YES_AGGRESSIVE;
				GCC_WARN_UNUSED_FUNCTION = YES;
				GCC_WARN_UNUSED_VARIABLE = YES;
				IPHONEOS_DEPLOYMENT_TARGET = 15.2;
				MTL_ENABLE_DEBUG_INFO = NO;
				MTL_FAST_MATH = YES;
				SDKROOT = iphoneos;
				SWIFT_COMPILATION_MODE = wholemodule;
				SWIFT_OPTIMIZATION_LEVEL = "-O";
				VALIDATE_PRODUCT = YES;
			};
			name = Release;
		};
		865AB35627FBB52100BB315D /* Debug */ = {
			isa = XCBuildConfiguration;
			buildSettings = {
				ASSETCATALOG_COMPILER_APPICON_NAME = AppIcon;
				ASSETCATALOG_COMPILER_GLOBAL_ACCENT_COLOR_NAME = AccentColor;
				CODE_SIGN_STYLE = Automatic;
				CURRENT_PROJECT_VERSION = 1;
				DEVELOPMENT_TEAM = HA4VLPKKLD;
				GENERATE_INFOPLIST_FILE = YES;
				INFOPLIST_FILE = DailyUIParts/Info.plist;
				INFOPLIST_KEY_UIApplicationSupportsIndirectInputEvents = YES;
				INFOPLIST_KEY_UILaunchStoryboardName = LaunchScreen;
				INFOPLIST_KEY_UISupportedInterfaceOrientations_iPad = "UIInterfaceOrientationPortrait UIInterfaceOrientationPortraitUpsideDown UIInterfaceOrientationLandscapeLeft UIInterfaceOrientationLandscapeRight";
				INFOPLIST_KEY_UISupportedInterfaceOrientations_iPhone = "UIInterfaceOrientationPortrait UIInterfaceOrientationLandscapeLeft UIInterfaceOrientationLandscapeRight";
				LD_RUNPATH_SEARCH_PATHS = (
					"$(inherited)",
					"@executable_path/Frameworks",
				);
				MARKETING_VERSION = 1.0;
				PRODUCT_BUNDLE_IDENTIFIER = com.gmail.wtrmiya.DailyUIParts;
				PRODUCT_NAME = "$(TARGET_NAME)";
				SWIFT_EMIT_LOC_STRINGS = YES;
				SWIFT_VERSION = 5.0;
				TARGETED_DEVICE_FAMILY = "1,2";
			};
			name = Debug;
		};
		865AB35727FBB52100BB315D /* Release */ = {
			isa = XCBuildConfiguration;
			buildSettings = {
				ASSETCATALOG_COMPILER_APPICON_NAME = AppIcon;
				ASSETCATALOG_COMPILER_GLOBAL_ACCENT_COLOR_NAME = AccentColor;
				CODE_SIGN_STYLE = Automatic;
				CURRENT_PROJECT_VERSION = 1;
				DEVELOPMENT_TEAM = HA4VLPKKLD;
				GENERATE_INFOPLIST_FILE = YES;
				INFOPLIST_FILE = DailyUIParts/Info.plist;
				INFOPLIST_KEY_UIApplicationSupportsIndirectInputEvents = YES;
				INFOPLIST_KEY_UILaunchStoryboardName = LaunchScreen;
				INFOPLIST_KEY_UISupportedInterfaceOrientations_iPad = "UIInterfaceOrientationPortrait UIInterfaceOrientationPortraitUpsideDown UIInterfaceOrientationLandscapeLeft UIInterfaceOrientationLandscapeRight";
				INFOPLIST_KEY_UISupportedInterfaceOrientations_iPhone = "UIInterfaceOrientationPortrait UIInterfaceOrientationLandscapeLeft UIInterfaceOrientationLandscapeRight";
				LD_RUNPATH_SEARCH_PATHS = (
					"$(inherited)",
					"@executable_path/Frameworks",
				);
				MARKETING_VERSION = 1.0;
				PRODUCT_BUNDLE_IDENTIFIER = com.gmail.wtrmiya.DailyUIParts;
				PRODUCT_NAME = "$(TARGET_NAME)";
				SWIFT_EMIT_LOC_STRINGS = YES;
				SWIFT_VERSION = 5.0;
				TARGETED_DEVICE_FAMILY = "1,2";
			};
			name = Release;
		};
/* End XCBuildConfiguration section */

/* Begin XCConfigurationList section */
		865AB33C27FBB52000BB315D /* Build configuration list for PBXProject "DailyUIParts" */ = {
			isa = XCConfigurationList;
			buildConfigurations = (
				865AB35327FBB52100BB315D /* Debug */,
				865AB35427FBB52100BB315D /* Release */,
			);
			defaultConfigurationIsVisible = 0;
			defaultConfigurationName = Release;
		};
		865AB35527FBB52100BB315D /* Build configuration list for PBXNativeTarget "DailyUIParts" */ = {
			isa = XCConfigurationList;
			buildConfigurations = (
				865AB35627FBB52100BB315D /* Debug */,
				865AB35727FBB52100BB315D /* Release */,
			);
			defaultConfigurationIsVisible = 0;
			defaultConfigurationName = Release;
		};
/* End XCConfigurationList section */
	};
	rootObject = 865AB33927FBB52000BB315D /* Project object */;
}
